
Microsoft Visual Studio Solution File, Format Version 12.00
# Visual Studio 15
VisualStudioVersion = 15.0.28010.0
MinimumVisualStudioVersion = 10.0.40219.1
Project("{FAE04EC0-301F-11D3-BF4B-00C04F79EFBC}") = "App7.Android", "App7\App7.Android\App7.Android.csproj", "{9CA6055D-1B5D-4E88-9F75-B82DFED86254}"
EndProject
Project("{FAE04EC0-301F-11D3-BF4B-00C04F79EFBC}") = "App7.iOS", "App7\App7.iOS\App7.iOS.csproj", "{F62AC9C9-B013-49B5-B1E7-903DFC6EFC89}"
EndProject
Project("{9A19103F-16F7-4668-BE54-9A1E7A4F7556}") = "App7", "App7\App7\App7.csproj", "{6A7ED380-9F8B-4071-BEB4-1BC82B545D0F}"
EndProject
Project("{FAE04EC0-301F-11D3-BF4B-00C04F79EFBC}") = "MessageSender", "C:\Users\Mohamed IT\source\repos\MessageSender\MessageSender\MessageSender.csproj", "{C41738E2-A1D3-45DF-9FB0-76D8B7AD2BF0}"
EndProject
Global
	GlobalSection(SolutionConfigurationPlatforms) = preSolution
		Ad-Hoc|Any CPU = Ad-Hoc|Any CPU
		Ad-Hoc|iPhone = Ad-Hoc|iPhone
		Ad-Hoc|iPhoneSimulator = Ad-Hoc|iPhoneSimulator
		AppStore|Any CPU = AppStore|Any CPU
		AppStore|iPhone = AppStore|iPhone
		AppStore|iPhoneSimulator = AppStore|iPhoneSimulator
		Debug|Any CPU = Debug|Any CPU
		Debug|iPhone = Debug|iPhone
		Debug|iPhoneSimulator = Debug|iPhoneSimulator
		Release|Any CPU = Release|Any CPU
		Release|iPhone = Release|iPhone
		Release|iPhoneSimulator = Release|iPhoneSimulator
	EndGlobalSection
	GlobalSection(ProjectConfigurationPlatforms) = postSolution
		{9CA6055D-1B5D-4E88-9F75-B82DFED86254}.Ad-Hoc|Any CPU.ActiveCfg = Release|Any CPU
		{9CA6055D-1B5D-4E88-9F75-B82DFED86254}.Ad-Hoc|Any CPU.Build.0 = Release|Any CPU
		{9CA6055D-1B5D-4E88-9F75-B82DFED86254}.Ad-Hoc|Any CPU.Deploy.0 = Release|Any CPU
		{9CA6055D-1B5D-4E88-9F75-B82DFED86254}.Ad-Hoc|iPhone.ActiveCfg = Release|Any CPU
		{9CA6055D-1B5D-4E88-9F75-B82DFED86254}.Ad-Hoc|iPhone.Build.0 = Release|Any CPU
		{9CA6055D-1B5D-4E88-9F75-B82DFED86254}.Ad-Hoc|iPhone.Deploy.0 = Release|Any CPU
		{9CA6055D-1B5D-4E88-9F75-B82DFED86254}.Ad-Hoc|iPhoneSimulator.ActiveCfg = Release|Any CPU
		{9CA6055D-1B5D-4E88-9F75-B82DFED86254}.Ad-Hoc|iPhoneSimulator.Build.0 = Release|Any CPU
		{9CA6055D-1B5D-4E88-9F75-B82DFED86254}.Ad-Hoc|iPhoneSimulator.Deploy.0 = Release|Any CPU
		{9CA6055D-1B5D-4E88-9F75-B82DFED86254}.AppStore|Any CPU.ActiveCfg = Release|Any CPU
		{9CA6055D-1B5D-4E88-9F75-B82DFED86254}.AppStore|Any CPU.Build.0 = Release|Any CPU
		{9CA6055D-1B5D-4E88-9F75-B82DFED86254}.AppStore|Any CPU.Deploy.0 = Release|Any CPU
		{9CA6055D-1B5D-4E88-9F75-B82DFED86254}.AppStore|iPhone.ActiveCfg = Release|Any CPU
		{9CA6055D-1B5D-4E88-9F75-B82DFED86254}.AppStore|iPhone.Build.0 = Release|Any CPU
		{9CA6055D-1B5D-4E88-9F75-B82DFED86254}.AppStore|iPhone.Deploy.0 = Release|Any CPU
		{9CA6055D-1B5D-4E88-9F75-B82DFED86254}.AppStore|iPhoneSimulator.ActiveCfg = Release|Any CPU
		{9CA6055D-1B5D-4E88-9F75-B82DFED86254}.AppStore|iPhoneSimulator.Build.0 = Release|Any CPU
		{9CA6055D-1B5D-4E88-9F75-B82DFED86254}.AppStore|iPhoneSimulator.Deploy.0 = Release|Any CPU
		{9CA6055D-1B5D-4E88-9F75-B82DFED86254}.Debug|Any CPU.ActiveCfg = Debug|Any CPU
		{9CA6055D-1B5D-4E88-9F75-B82DFED86254}.Debug|Any CPU.Build.0 = Debug|Any CPU
		{9CA6055D-1B5D-4E88-9F75-B82DFED86254}.Debug|Any CPU.Deploy.0 = Debug|Any CPU
		{9CA6055D-1B5D-4E88-9F75-B82DFED86254}.Debug|iPhone.ActiveCfg = Debug|Any CPU
		{9CA6055D-1B5D-4E88-9F75-B82DFED86254}.Debug|iPhone.Build.0 = Debug|Any CPU
		{9CA6055D-1B5D-4E88-9F75-B82DFED86254}.Debug|iPhone.Deploy.0 = Debug|Any CPU
		{9CA6055D-1B5D-4E88-9F75-B82DFED86254}.Debug|iPhoneSimulator.ActiveCfg = Debug|Any CPU
		{9CA6055D-1B5D-4E88-9F75-B82DFED86254}.Debug|iPhoneSimulator.Build.0 = Debug|Any CPU
		{9CA6055D-1B5D-4E88-9F75-B82DFED86254}.Debug|iPhoneSimulator.Deploy.0 = Debug|Any CPU
		{9CA6055D-1B5D-4E88-9F75-B82DFED86254}.Release|Any CPU.ActiveCfg = Release|Any CPU
		{9CA6055D-1B5D-4E88-9F75-B82DFED86254}.Release|Any CPU.Build.0 = Release|Any CPU
		{9CA6055D-1B5D-4E88-9F75-B82DFED86254}.Release|Any CPU.Deploy.0 = Release|Any CPU
		{9CA6055D-1B5D-4E88-9F75-B82DFED86254}.Release|iPhone.ActiveCfg = Release|Any CPU
		{9CA6055D-1B5D-4E88-9F75-B82DFED86254}.Release|iPhone.Build.0 = Release|Any CPU
		{9CA6055D-1B5D-4E88-9F75-B82DFED86254}.Release|iPhone.Deploy.0 = Release|Any CPU
		{9CA6055D-1B5D-4E88-9F75-B82DFED86254}.Release|iPhoneSimulator.ActiveCfg = Release|Any CPU
		{9CA6055D-1B5D-4E88-9F75-B82DFED86254}.Release|iPhoneSimulator.Build.0 = Release|Any CPU
		{9CA6055D-1B5D-4E88-9F75-B82DFED86254}.Release|iPhoneSimulator.Deploy.0 = Release|Any CPU
		{F62AC9C9-B013-49B5-B1E7-903DFC6EFC89}.Ad-Hoc|Any CPU.ActiveCfg = Ad-Hoc|iPhone
		{F62AC9C9-B013-49B5-B1E7-903DFC6EFC89}.Ad-Hoc|Any CPU.Build.0 = Ad-Hoc|iPhone
		{F62AC9C9-B013-49B5-B1E7-903DFC6EFC89}.Ad-Hoc|Any CPU.Deploy.0 = Ad-Hoc|iPhone
		{F62AC9C9-B013-49B5-B1E7-903DFC6EFC89}.Ad-Hoc|iPhone.ActiveCfg = Ad-Hoc|iPhone
		{F62AC9C9-B013-49B5-B1E7-903DFC6EFC89}.Ad-Hoc|iPhone.Build.0 = Ad-Hoc|iPhone
		{F62AC9C9-B013-49B5-B1E7-903DFC6EFC89}.Ad-Hoc|iPhone.Deploy.0 = Ad-Hoc|iPhone
		{F62AC9C9-B013-49B5-B1E7-903DFC6EFC89}.Ad-Hoc|iPhoneSimulator.ActiveCfg = Ad-Hoc|iPhoneSimulator
		{F62AC9C9-B013-49B5-B1E7-903DFC6EFC89}.Ad-Hoc|iPhoneSimulator.Build.0 = Ad-Hoc|iPhoneSimulator
		{F62AC9C9-B013-49B5-B1E7-903DFC6EFC89}.Ad-Hoc|iPhoneSimulator.Deploy.0 = Ad-Hoc|iPhoneSimulator
		{F62AC9C9-B013-49B5-B1E7-903DFC6EFC89}.AppStore|Any CPU.ActiveCfg = AppStore|iPhone
		{F62AC9C9-B013-49B5-B1E7-903DFC6EFC89}.AppStore|Any CPU.Build.0 = AppStore|iPhone
		{F62AC9C9-B013-49B5-B1E7-903DFC6EFC89}.AppStore|Any CPU.Deploy.0 = AppStore|iPhone
		{F62AC9C9-B013-49B5-B1E7-903DFC6EFC89}.AppStore|iPhone.ActiveCfg = AppStore|iPhone
		{F62AC9C9-B013-49B5-B1E7-903DFC6EFC89}.AppStore|iPhone.Build.0 = AppStore|iPhone
		{F62AC9C9-B013-49B5-B1E7-903DFC6EFC89}.AppStore|iPhone.Deploy.0 = AppStore|iPhone
		{F62AC9C9-B013-49B5-B1E7-903DFC6EFC89}.AppStore|iPhoneSimulator.ActiveCfg = AppStore|iPhoneSimulator
		{F62AC9C9-B013-49B5-B1E7-903DFC6EFC89}.AppStore|iPhoneSimulator.Build.0 = AppStore|iPhoneSimulator
		{F62AC9C9-B013-49B5-B1E7-903DFC6EFC89}.AppStore|iPhoneSimulator.Deploy.0 = AppStore|iPhoneSimulator
		{F62AC9C9-B013-49B5-B1E7-903DFC6EFC89}.Debug|Any CPU.ActiveCfg = Debug|iPhoneSimulator
		{F62AC9C9-B013-49B5-B1E7-903DFC6EFC89}.Debug|Any CPU.Build.0 = Debug|iPhoneSimulator
		{F62AC9C9-B013-49B5-B1E7-903DFC6EFC89}.Debug|Any CPU.Deploy.0 = Debug|iPhoneSimulator
		{F62AC9C9-B013-49B5-B1E7-903DFC6EFC89}.Debug|iPhone.ActiveCfg = Debug|iPhone
		{F62AC9C9-B013-49B5-B1E7-903DFC6EFC89}.Debug|iPhone.Build.0 = Debug|iPhone
		{F62AC9C9-B013-49B5-B1E7-903DFC6EFC89}.Debug|iPhone.Deploy.0 = Debug|iPhone
		{F62AC9C9-B013-49B5-B1E7-903DFC6EFC89}.Debug|iPhoneSimulator.ActiveCfg = Debug|iPhoneSimulator
		{F62AC9C9-B013-49B5-B1E7-903DFC6EFC89}.Debug|iPhoneSimulator.Build.0 = Debug|iPhoneSimulator
		{F62AC9C9-B013-49B5-B1E7-903DFC6EFC89}.Debug|iPhoneSimulator.Deploy.0 = Debug|iPhoneSimulator
		{F62AC9C9-B013-49B5-B1E7-903DFC6EFC89}.Release|Any CPU.ActiveCfg = Release|iPhone
		{F62AC9C9-B013-49B5-B1E7-903DFC6EFC89}.Release|Any CPU.Build.0 = Release|iPhone
		{F62AC9C9-B013-49B5-B1E7-903DFC6EFC89}.Release|Any CPU.Deploy.0 = Release|iPhone
		{F62AC9C9-B013-49B5-B1E7-903DFC6EFC89}.Release|iPhone.ActiveCfg = Release|iPhone
		{F62AC9C9-B013-49B5-B1E7-903DFC6EFC89}.Release|iPhone.Build.0 = Release|iPhone
		{F62AC9C9-B013-49B5-B1E7-903DFC6EFC89}.Release|iPhone.Deploy.0 = Release|iPhone
		{F62AC9C9-B013-49B5-B1E7-903DFC6EFC89}.Release|iPhoneSimulator.ActiveCfg = Release|iPhoneSimulator
		{F62AC9C9-B013-49B5-B1E7-903DFC6EFC89}.Release|iPhoneSimulator.Build.0 = Release|iPhoneSimulator
		{F62AC9C9-B013-49B5-B1E7-903DFC6EFC89}.Release|iPhoneSimulator.Deploy.0 = Release|iPhoneSimulator
		{6A7ED380-9F8B-4071-BEB4-1BC82B545D0F}.Ad-Hoc|Any CPU.ActiveCfg = Debug|Any CPU
		{6A7ED380-9F8B-4071-BEB4-1BC82B545D0F}.Ad-Hoc|Any CPU.Build.0 = Debug|Any CPU
		{6A7ED380-9F8B-4071-BEB4-1BC82B545D0F}.Ad-Hoc|Any CPU.Deploy.0 = Debug|Any CPU
		{6A7ED380-9F8B-4071-BEB4-1BC82B545D0F}.Ad-Hoc|iPhone.ActiveCfg = Debug|Any CPU
		{6A7ED380-9F8B-4071-BEB4-1BC82B545D0F}.Ad-Hoc|iPhone.Build.0 = Debug|Any CPU
		{6A7ED380-9F8B-4071-BEB4-1BC82B545D0F}.Ad-Hoc|iPhone.Deploy.0 = Debug|Any CPU
		{6A7ED380-9F8B-4071-BEB4-1BC82B545D0F}.Ad-Hoc|iPhoneSimulator.ActiveCfg = Debug|Any CPU
		{6A7ED380-9F8B-4071-BEB4-1BC82B545D0F}.Ad-Hoc|iPhoneSimulator.Build.0 = Debug|Any CPU
		{6A7ED380-9F8B-4071-BEB4-1BC82B545D0F}.Ad-Hoc|iPhoneSimulator.Deploy.0 = Debug|Any CPU
		{6A7ED380-9F8B-4071-BEB4-1BC82B545D0F}.AppStore|Any CPU.ActiveCfg = Debug|Any CPU
		{6A7ED380-9F8B-4071-BEB4-1BC82B545D0F}.AppStore|Any CPU.Build.0 = Debug|Any CPU
		{6A7ED380-9F8B-4071-BEB4-1BC82B545D0F}.AppStore|Any CPU.Deploy.0 = Debug|Any CPU
		{6A7ED380-9F8B-4071-BEB4-1BC82B545D0F}.AppStore|iPhone.ActiveCfg = Debug|Any CPU
		{6A7ED380-9F8B-4071-BEB4-1BC82B545D0F}.AppStore|iPhone.Build.0 = Debug|Any CPU
		{6A7ED380-9F8B-4071-BEB4-1BC82B545D0F}.AppStore|iPhone.Deploy.0 = Debug|Any CPU
		{6A7ED380-9F8B-4071-BEB4-1BC82B545D0F}.AppStore|iPhoneSimulator.ActiveCfg = Debug|Any CPU
		{6A7ED380-9F8B-4071-BEB4-1BC82B545D0F}.AppStore|iPhoneSimulator.Build.0 = Debug|Any CPU
		{6A7ED380-9F8B-4071-BEB4-1BC82B545D0F}.AppStore|iPhoneSimulator.Deploy.0 = Debug|Any CPU
		{6A7ED380-9F8B-4071-BEB4-1BC82B545D0F}.Debug|Any CPU.ActiveCfg = Debug|Any CPU
		{6A7ED380-9F8B-4071-BEB4-1BC82B545D0F}.Debug|Any CPU.Build.0 = Debug|Any CPU
		{6A7ED380-9F8B-4071-BEB4-1BC82B545D0F}.Debug|Any CPU.Deploy.0 = Debug|Any CPU
		{6A7ED380-9F8B-4071-BEB4-1BC82B545D0F}.Debug|iPhone.ActiveCfg = Debug|Any CPU
		{6A7ED380-9F8B-4071-BEB4-1BC82B545D0F}.Debug|iPhone.Build.0 = Debug|Any CPU
		{6A7ED380-9F8B-4071-BEB4-1BC82B545D0F}.Debug|iPhone.Deploy.0 = Debug|Any CPU
		{6A7ED380-9F8B-4071-BEB4-1BC82B545D0F}.Debug|iPhoneSimulator.ActiveCfg = Debug|Any CPU
		{6A7ED380-9F8B-4071-BEB4-1BC82B545D0F}.Debug|iPhoneSimulator.Build.0 = Debug|Any CPU
		{6A7ED380-9F8B-4071-BEB4-1BC82B545D0F}.Debug|iPhoneSimulator.Deploy.0 = Debug|Any CPU
		{6A7ED380-9F8B-4071-BEB4-1BC82B545D0F}.Release|Any CPU.ActiveCfg = Release|Any CPU
		{6A7ED380-9F8B-4071-BEB4-1BC82B545D0F}.Release|Any CPU.Build.0 = Release|Any CPU
		{6A7ED380-9F8B-4071-BEB4-1BC82B545D0F}.Release|Any CPU.Deploy.0 = Release|Any CPU
		{6A7ED380-9F8B-4071-BEB4-1BC82B545D0F}.Release|iPhone.ActiveCfg = Release|Any CPU
		{6A7ED380-9F8B-4071-BEB4-1BC82B545D0F}.Release|iPhone.Build.0 = Release|Any CPU
		{6A7ED380-9F8B-4071-BEB4-1BC82B545D0F}.Release|iPhone.Deploy.0 = Release|Any CPU
		{6A7ED380-9F8B-4071-BEB4-1BC82B545D0F}.Release|iPhoneSimulator.ActiveCfg = Release|Any CPU
		{6A7ED380-9F8B-4071-BEB4-1BC82B545D0F}.Release|iPhoneSimulator.Build.0 = Release|Any CPU
		{6A7ED380-9F8B-4071-BEB4-1BC82B545D0F}.Release|iPhoneSimulator.Deploy.0 = Release|Any CPU
		{C41738E2-A1D3-45DF-9FB0-76D8B7AD2BF0}.Ad-Hoc|Any CPU.ActiveCfg = Release|Any CPU
		{C41738E2-A1D3-45DF-9FB0-76D8B7AD2BF0}.Ad-Hoc|Any CPU.Build.0 = Release|Any CPU
		{C41738E2-A1D3-45DF-9FB0-76D8B7AD2BF0}.Ad-Hoc|iPhone.ActiveCfg = Release|Any CPU
		{C41738E2-A1D3-45DF-9FB0-76D8B7AD2BF0}.Ad-Hoc|iPhone.Build.0 = Release|Any CPU
		{C41738E2-A1D3-45DF-9FB0-76D8B7AD2BF0}.Ad-Hoc|iPhoneSimulator.ActiveCfg = Release|Any CPU
		{C41738E2-A1D3-45DF-9FB0-76D8B7AD2BF0}.Ad-Hoc|iPhoneSimulator.Build.0 = Release|Any CPU
		{C41738E2-A1D3-45DF-9FB0-76D8B7AD2BF0}.AppStore|Any CPU.ActiveCfg = Release|Any CPU
		{C41738E2-A1D3-45DF-9FB0-76D8B7AD2BF0}.AppStore|Any CPU.Build.0 = Release|Any CPU
		{C41738E2-A1D3-45DF-9FB0-76D8B7AD2BF0}.AppStore|iPhone.ActiveCfg = Release|Any CPU
		{C41738E2-A1D3-45DF-9FB0-76D8B7AD2BF0}.AppStore|iPhone.Build.0 = Release|Any CPU
		{C41738E2-A1D3-45DF-9FB0-76D8B7AD2BF0}.AppStore|iPhoneSimulator.ActiveCfg = Release|Any CPU
		{C41738E2-A1D3-45DF-9FB0-76D8B7AD2BF0}.AppStore|iPhoneSimulator.Build.0 = Release|Any CPU
		{C41738E2-A1D3-45DF-9FB0-76D8B7AD2BF0}.Debug|Any CPU.ActiveCfg = Debug|Any CPU
		{C41738E2-A1D3-45DF-9FB0-76D8B7AD2BF0}.Debug|Any CPU.Build.0 = Debug|Any CPU
		{C41738E2-A1D3-45DF-9FB0-76D8B7AD2BF0}.Debug|iPhone.ActiveCfg = Debug|Any CPU
		{C41738E2-A1D3-45DF-9FB0-76D8B7AD2BF0}.Debug|iPhone.Build.0 = Debug|Any CPU
		{C41738E2-A1D3-45DF-9FB0-76D8B7AD2BF0}.Debug|iPhoneSimulator.ActiveCfg = Debug|Any CPU
		{C41738E2-A1D3-45DF-9FB0-76D8B7AD2BF0}.Debug|iPhoneSimulator.Build.0 = Debug|Any CPU
		{C41738E2-A1D3-45DF-9FB0-76D8B7AD2BF0}.Release|Any CPU.ActiveCfg = Release|Any CPU
		{C41738E2-A1D3-45DF-9FB0-76D8B7AD2BF0}.Release|Any CPU.Build.0 = Release|Any CPU
		{C41738E2-A1D3-45DF-9FB0-76D8B7AD2BF0}.Release|iPhone.ActiveCfg = Release|Any CPU
		{C41738E2-A1D3-45DF-9FB0-76D8B7AD2BF0}.Release|iPhone.Build.0 = Release|Any CPU
		{C41738E2-A1D3-45DF-9FB0-76D8B7AD2BF0}.Release|iPhoneSimulator.ActiveCfg = Release|Any CPU
		{C41738E2-A1D3-45DF-9FB0-76D8B7AD2BF0}.Release|iPhoneSimulator.Build.0 = Release|Any CPU
	EndGlobalSection
	GlobalSection(SolutionProperties) = preSolution
		HideSolutionNode = FALSE
	EndGlobalSection
	GlobalSection(ExtensibilityGlobals) = postSolution
		SolutionGuid = {7953418C-CB07-4DC3-9E03-16692AFD0E9F}
	EndGlobalSection
EndGlobal
